// !$*UTF8*$!
{
	archiveVersion = 1;
	classes = {
	};
	objectVersion = 50;
	objects = {

/* Begin PBXBuildFile section */
		4C117C912420F01000E0BB3D /* SampleSwift.swift in Sources */ = {isa = PBXBuildFile; fileRef = 4C117C902420F01000E0BB3D /* SampleSwift.swift */; };
		4C931542241D2BB40096A39E /* AppDelegate.m in Sources */ = {isa = PBXBuildFile; fileRef = 4C931541241D2BB40096A39E /* AppDelegate.m */; };
		4C931545241D2BB40096A39E /* SceneDelegate.m in Sources */ = {isa = PBXBuildFile; fileRef = 4C931544241D2BB40096A39E /* SceneDelegate.m */; };
		4C931548241D2BB50096A39E /* ViewController.m in Sources */ = {isa = PBXBuildFile; fileRef = 4C931547241D2BB50096A39E /* ViewController.m */; };
		4C93154B241D2BB50096A39E /* Main.storyboard in Resources */ = {isa = PBXBuildFile; fileRef = 4C931549241D2BB50096A39E /* Main.storyboard */; };
		4C93154D241D2BB60096A39E /* Assets.xcassets in Resources */ = {isa = PBXBuildFile; fileRef = 4C93154C241D2BB60096A39E /* Assets.xcassets */; };
		4C931550241D2BB60096A39E /* LaunchScreen.storyboard in Resources */ = {isa = PBXBuildFile; fileRef = 4C93154E241D2BB60096A39E /* LaunchScreen.storyboard */; };
		4C931553241D2BB60096A39E /* main.m in Sources */ = {isa = PBXBuildFile; fileRef = 4C931552241D2BB60096A39E /* main.m */; };
		4C93155D241D2BB60096A39E /* MultiModuleTrialTests.m in Sources */ = {isa = PBXBuildFile; fileRef = 4C93155C241D2BB60096A39E /* MultiModuleTrialTests.m */; };
/* End PBXBuildFile section */

/* Begin PBXContainerItemProxy section */
		4C931559241D2BB60096A39E /* PBXContainerItemProxy */ = {
			isa = PBXContainerItemProxy;
			containerPortal = 4C931535241D2BB40096A39E /* Project object */;
			proxyType = 1;
			remoteGlobalIDString = 4C93153C241D2BB40096A39E;
			remoteInfo = MultiModuleTrial;
		};
/* End PBXContainerItemProxy section */

/* Begin PBXFileReference section */
		4C117C8B2420EDA700E0BB3D /* FrameworkSample.framework */ = {isa = PBXFileReference; explicitFileType = wrapper.framework; path = FrameworkSample.framework; sourceTree = BUILT_PRODUCTS_DIR; };
		4C117C8F2420F00F00E0BB3D /* MultiModuleTrial-Bridging-Header.h */ = {isa = PBXFileReference; lastKnownFileType = sourcecode.c.h; path = "MultiModuleTrial-Bridging-Header.h"; sourceTree = "<group>"; };
		4C117C902420F01000E0BB3D /* SampleSwift.swift */ = {isa = PBXFileReference; lastKnownFileType = sourcecode.swift; path = SampleSwift.swift; sourceTree = "<group>"; };
		4C93153D241D2BB40096A39E /* MultiModuleTrial.app */ = {isa = PBXFileReference; explicitFileType = wrapper.application; includeInIndex = 0; path = MultiModuleTrial.app; sourceTree = BUILT_PRODUCTS_DIR; };
		4C931540241D2BB40096A39E /* AppDelegate.h */ = {isa = PBXFileReference; lastKnownFileType = sourcecode.c.h; path = AppDelegate.h; sourceTree = "<group>"; };
		4C931541241D2BB40096A39E /* AppDelegate.m */ = {isa = PBXFileReference; lastKnownFileType = sourcecode.c.objc; path = AppDelegate.m; sourceTree = "<group>"; };
		4C931543241D2BB40096A39E /* SceneDelegate.h */ = {isa = PBXFileReference; lastKnownFileType = sourcecode.c.h; path = SceneDelegate.h; sourceTree = "<group>"; };
		4C931544241D2BB40096A39E /* SceneDelegate.m */ = {isa = PBXFileReference; lastKnownFileType = sourcecode.c.objc; path = SceneDelegate.m; sourceTree = "<group>"; };
		4C931546241D2BB40096A39E /* ViewController.h */ = {isa = PBXFileReference; lastKnownFileType = sourcecode.c.h; path = ViewController.h; sourceTree = "<group>"; };
		4C931547241D2BB50096A39E /* ViewController.m */ = {isa = PBXFileReference; lastKnownFileType = sourcecode.c.objc; path = ViewController.m; sourceTree = "<group>"; };
		4C93154A241D2BB50096A39E /* Base */ = {isa = PBXFileReference; lastKnownFileType = file.storyboard; name = Base; path = Base.lproj/Main.storyboard; sourceTree = "<group>"; };
		4C93154C241D2BB60096A39E /* Assets.xcassets */ = {isa = PBXFileReference; lastKnownFileType = folder.assetcatalog; path = Assets.xcassets; sourceTree = "<group>"; };
		4C93154F241D2BB60096A39E /* Base */ = {isa = PBXFileReference; lastKnownFileType = file.storyboard; name = Base; path = Base.lproj/LaunchScreen.storyboard; sourceTree = "<group>"; };
		4C931551241D2BB60096A39E /* Info.plist */ = {isa = PBXFileReference; lastKnownFileType = text.plist.xml; path = Info.plist; sourceTree = "<group>"; };
		4C931552241D2BB60096A39E /* main.m */ = {isa = PBXFileReference; lastKnownFileType = sourcecode.c.objc; path = main.m; sourceTree = "<group>"; };
		4C931558241D2BB60096A39E /* MultiModuleTrialTests.xctest */ = {isa = PBXFileReference; explicitFileType = wrapper.cfbundle; includeInIndex = 0; path = MultiModuleTrialTests.xctest; sourceTree = BUILT_PRODUCTS_DIR; };
		4C93155C241D2BB60096A39E /* MultiModuleTrialTests.m */ = {isa = PBXFileReference; lastKnownFileType = sourcecode.c.objc; path = MultiModuleTrialTests.m; sourceTree = "<group>"; };
		4C93155E241D2BB60096A39E /* Info.plist */ = {isa = PBXFileReference; lastKnownFileType = text.plist.xml; path = Info.plist; sourceTree = "<group>"; };
/* End PBXFileReference section */

/* Begin PBXFrameworksBuildPhase section */
		4C93153A241D2BB40096A39E /* Frameworks */ = {
			isa = PBXFrameworksBuildPhase;
			buildActionMask = 2147483647;
			files = (
			);
			runOnlyForDeploymentPostprocessing = 0;
		};
		4C931555241D2BB60096A39E /* Frameworks */ = {
			isa = PBXFrameworksBuildPhase;
			buildActionMask = 2147483647;
			files = (
			);
			runOnlyForDeploymentPostprocessing = 0;
		};
/* End PBXFrameworksBuildPhase section */

/* Begin PBXGroup section */
		4C117C8A2420EDA700E0BB3D /* Frameworks */ = {
			isa = PBXGroup;
			children = (
				4C117C8B2420EDA700E0BB3D /* FrameworkSample.framework */,
			);
			name = Frameworks;
			sourceTree = "<group>";
		};
		4C931534241D2BB40096A39E = {
			isa = PBXGroup;
			children = (
				4C93153F241D2BB40096A39E /* MultiModuleTrial */,
				4C93155B241D2BB60096A39E /* MultiModuleTrialTests */,
				4C93153E241D2BB40096A39E /* Products */,
				4C117C8A2420EDA700E0BB3D /* Frameworks */,
			);
			sourceTree = "<group>";
		};
		4C93153E241D2BB40096A39E /* Products */ = {
			isa = PBXGroup;
			children = (
				4C93153D241D2BB40096A39E /* MultiModuleTrial.app */,
				4C931558241D2BB60096A39E /* MultiModuleTrialTests.xctest */,
			);
			name = Products;
			sourceTree = "<group>";
		};
		4C93153F241D2BB40096A39E /* MultiModuleTrial */ = {
			isa = PBXGroup;
			children = (
				4C931540241D2BB40096A39E /* AppDelegate.h */,
				4C931541241D2BB40096A39E /* AppDelegate.m */,
				4C931543241D2BB40096A39E /* SceneDelegate.h */,
				4C931544241D2BB40096A39E /* SceneDelegate.m */,
				4C931546241D2BB40096A39E /* ViewController.h */,
				4C931547241D2BB50096A39E /* ViewController.m */,
				4C931549241D2BB50096A39E /* Main.storyboard */,
				4C93154C241D2BB60096A39E /* Assets.xcassets */,
				4C93154E241D2BB60096A39E /* LaunchScreen.storyboard */,
				4C931551241D2BB60096A39E /* Info.plist */,
				4C931552241D2BB60096A39E /* main.m */,
				4C117C902420F01000E0BB3D /* SampleSwift.swift */,
				4C117C8F2420F00F00E0BB3D /* MultiModuleTrial-Bridging-Header.h */,
			);
			path = MultiModuleTrial;
			sourceTree = "<group>";
		};
		4C93155B241D2BB60096A39E /* MultiModuleTrialTests */ = {
			isa = PBXGroup;
			children = (
				4C93155C241D2BB60096A39E /* MultiModuleTrialTests.m */,
				4C93155E241D2BB60096A39E /* Info.plist */,
			);
			path = MultiModuleTrialTests;
			sourceTree = "<group>";
		};
/* End PBXGroup section */

/* Begin PBXNativeTarget section */
		4C93153C241D2BB40096A39E /* MultiModuleTrial */ = {
			isa = PBXNativeTarget;
			buildConfigurationList = 4C931561241D2BB60096A39E /* Build configuration list for PBXNativeTarget "MultiModuleTrial" */;
			buildPhases = (
				4C931539241D2BB40096A39E /* Sources */,
				4C93153A241D2BB40096A39E /* Frameworks */,
				4C93153B241D2BB40096A39E /* Resources */,
			);
			buildRules = (
			);
			dependencies = (
			);
			name = MultiModuleTrial;
			productName = MultiModuleTrial;
			productReference = 4C93153D241D2BB40096A39E /* MultiModuleTrial.app */;
			productType = "com.apple.product-type.application";
		};
		4C931557241D2BB60096A39E /* MultiModuleTrialTests */ = {
			isa = PBXNativeTarget;
			buildConfigurationList = 4C931564241D2BB60096A39E /* Build configuration list for PBXNativeTarget "MultiModuleTrialTests" */;
			buildPhases = (
				4C931554241D2BB60096A39E /* Sources */,
				4C931555241D2BB60096A39E /* Frameworks */,
				4C931556241D2BB60096A39E /* Resources */,
			);
			buildRules = (
			);
			dependencies = (
				4C93155A241D2BB60096A39E /* PBXTargetDependency */,
			);
			name = MultiModuleTrialTests;
			productName = MultiModuleTrialTests;
			productReference = 4C931558241D2BB60096A39E /* MultiModuleTrialTests.xctest */;
			productType = "com.apple.product-type.bundle.unit-test";
		};
/* End PBXNativeTarget section */

/* Begin PBXProject section */
		4C931535241D2BB40096A39E /* Project object */ = {
			isa = PBXProject;
			attributes = {
				LastUpgradeCheck = 1110;
				ORGANIZATIONNAME = "Nobuoka Yuya";
				TargetAttributes = {
					4C93153C241D2BB40096A39E = {
						CreatedOnToolsVersion = 11.1;
						LastSwiftMigration = 1110;
					};
					4C931557241D2BB60096A39E = {
						CreatedOnToolsVersion = 11.1;
						TestTargetID = 4C93153C241D2BB40096A39E;
					};
				};
			};
			buildConfigurationList = 4C931538241D2BB40096A39E /* Build configuration list for PBXProject "MultiModuleTrial" */;
			compatibilityVersion = "Xcode 9.3";
			developmentRegion = en;
			hasScannedForEncodings = 0;
			knownRegions = (
				en,
				Base,
			);
			mainGroup = 4C931534241D2BB40096A39E;
			productRefGroup = 4C93153E241D2BB40096A39E /* Products */;
			projectDirPath = "";
			projectRoot = "";
			targets = (
				4C93153C241D2BB40096A39E /* MultiModuleTrial */,
				4C931557241D2BB60096A39E /* MultiModuleTrialTests */,
			);
		};
/* End PBXProject section */

/* Begin PBXResourcesBuildPhase section */
		4C93153B241D2BB40096A39E /* Resources */ = {
			isa = PBXResourcesBuildPhase;
			buildActionMask = 2147483647;
			files = (
				4C931550241D2BB60096A39E /* LaunchScreen.storyboard in Resources */,
				4C93154D241D2BB60096A39E /* Assets.xcassets in Resources */,
				4C93154B241D2BB50096A39E /* Main.storyboard in Resources */,
			);
			runOnlyForDeploymentPostprocessing = 0;
		};
		4C931556241D2BB60096A39E /* Resources */ = {
			isa = PBXResourcesBuildPhase;
			buildActionMask = 2147483647;
			files = (
			);
			runOnlyForDeploymentPostprocessing = 0;
		};
/* End PBXResourcesBuildPhase section */

/* Begin PBXSourcesBuildPhase section */
		4C931539241D2BB40096A39E /* Sources */ = {
			isa = PBXSourcesBuildPhase;
			buildActionMask = 2147483647;
			files = (
				4C931548241D2BB50096A39E /* ViewController.m in Sources */,
				4C931542241D2BB40096A39E /* AppDelegate.m in Sources */,
				4C117C912420F01000E0BB3D /* SampleSwift.swift in Sources */,
				4C931553241D2BB60096A39E /* main.m in Sources */,
				4C931545241D2BB40096A39E /* SceneDelegate.m in Sources */,
			);
			runOnlyForDeploymentPostprocessing = 0;
		};
		4C931554241D2BB60096A39E /* Sources */ = {
			isa = PBXSourcesBuildPhase;
			buildActionMask = 2147483647;
			files = (
				4C93155D241D2BB60096A39E /* MultiModuleTrialTests.m in Sources */,
			);
			runOnlyForDeploymentPostprocessing = 0;
		};
/* End PBXSourcesBuildPhase section */

/* Begin PBXTargetDependency section */
		4C93155A241D2BB60096A39E /* PBXTargetDependency */ = {
			isa = PBXTargetDependency;
			target = 4C93153C241D2BB40096A39E /* MultiModuleTrial */;
			targetProxy = 4C931559241D2BB60096A39E /* PBXContainerItemProxy */;
		};
/* End PBXTargetDependency section */

/* Begin PBXVariantGroup section */
		4C931549241D2BB50096A39E /* Main.storyboard */ = {
			isa = PBXVariantGroup;
			children = (
				4C93154A241D2BB50096A39E /* Base */,
			);
			name = Main.storyboard;
			sourceTree = "<group>";
		};
		4C93154E241D2BB60096A39E /* LaunchScreen.storyboard */ = {
			isa = PBXVariantGroup;
			children = (
				4C93154F241D2BB60096A39E /* Base */,
			);
			name = LaunchScreen.storyboard;
			sourceTree = "<group>";
		};
/* End PBXVariantGroup section */

/* Begin XCBuildConfiguration section */
		4C93155F241D2BB60096A39E /* Debug */ = {
			isa = XCBuildConfiguration;
			buildSettings = {
				ALWAYS_SEARCH_USER_PATHS = NO;
				CLANG_ANALYZER_NONNULL = YES;
				CLANG_ANALYZER_NUMBER_OBJECT_CONVERSION = YES_AGGRESSIVE;
				CLANG_CXX_LANGUAGE_STANDARD = "gnu++14";
				CLANG_CXX_LIBRARY = "libc++";
				CLANG_ENABLE_MODULES = YES;
				CLANG_ENABLE_OBJC_ARC = YES;
				CLANG_ENABLE_OBJC_WEAK = YES;
				CLANG_WARN_BLOCK_CAPTURE_AUTORELEASING = YES;
				CLANG_WARN_BOOL_CONVERSION = YES;
				CLANG_WARN_COMMA = YES;
				CLANG_WARN_CONSTANT_CONVERSION = YES;
				CLANG_WARN_DEPRECATED_OBJC_IMPLEMENTATIONS = YES;
				CLANG_WARN_DIRECT_OBJC_ISA_USAGE = YES_ERROR;
				CLANG_WARN_DOCUMENTATION_COMMENTS = YES;
				CLANG_WARN_EMPTY_BODY = YES;
				CLANG_WARN_ENUM_CONVERSION = YES;
				CLANG_WARN_INFINITE_RECURSION = YES;
				CLANG_WARN_INT_CONVERSION = YES;
				CLANG_WARN_NON_LITERAL_NULL_CONVERSION = YES;
				CLANG_WARN_OBJC_IMPLICIT_RETAIN_SELF = YES;
				CLANG_WARN_OBJC_LITERAL_CONVERSION = YES;
				CLANG_WARN_OBJC_ROOT_CLASS = YES_ERROR;
				CLANG_WARN_RANGE_LOOP_ANALYSIS = YES;
				CLANG_WARN_STRICT_PROTOTYPES = YES;
				CLANG_WARN_SUSPICIOUS_MOVE = YES;
				CLANG_WARN_UNGUARDED_AVAILABILITY = YES_AGGRESSIVE;
				CLANG_WARN_UNREACHABLE_CODE = YES;
				CLANG_WARN__DUPLICATE_METHOD_MATCH = YES;
				COPY_PHASE_STRIP = NO;
				DEBUG_INFORMATION_FORMAT = dwarf;
				ENABLE_STRICT_OBJC_MSGSEND = YES;
				ENABLE_TESTABILITY = YES;
				GCC_C_LANGUAGE_STANDARD = gnu11;
				GCC_DYNAMIC_NO_PIC = NO;
				GCC_NO_COMMON_BLOCKS = YES;
				GCC_OPTIMIZATION_LEVEL = 0;
				GCC_PREPROCESSOR_DEFINITIONS = (
					"DEBUG=1",
					"$(inherited)",
				);
				GCC_WARN_64_TO_32_BIT_CONVERSION = YES;
				GCC_WARN_ABOUT_RETURN_TYPE = YES_ERROR;
				GCC_WARN_UNDECLARED_SELECTOR = YES;
				GCC_WARN_UNINITIALIZED_AUTOS = YES_AGGRESSIVE;
				GCC_WARN_UNUSED_FUNCTION = YES;
				GCC_WARN_UNUSED_VARIABLE = YES;
				IPHONEOS_DEPLOYMENT_TARGET = 13.1;
				MTL_ENABLE_DEBUG_INFO = INCLUDE_SOURCE;
				MTL_FAST_MATH = YES;
				ONLY_ACTIVE_ARCH = YES;
				SDKROOT = iphoneos;
			};
			name = Debug;
		};
		4C931560241D2BB60096A39E /* Release */ = {
			isa = XCBuildConfiguration;
			buildSettings = {
				ALWAYS_SEARCH_USER_PATHS = NO;
				CLANG_ANALYZER_NONNULL = YES;
				CLANG_ANALYZER_NUMBER_OBJECT_CONVERSION = YES_AGGRESSIVE;
				CLANG_CXX_LANGUAGE_STANDARD = "gnu++14";
				CLANG_CXX_LIBRARY = "libc++";
				CLANG_ENABLE_MODULES = YES;
				CLANG_ENABLE_OBJC_ARC = YES;
				CLANG_ENABLE_OBJC_WEAK = YES;
				CLANG_WARN_BLOCK_CAPTURE_AUTORELEASING = YES;
				CLANG_WARN_BOOL_CONVERSION = YES;
				CLANG_WARN_COMMA = YES;
				CLANG_WARN_CONSTANT_CONVERSION = YES;
				CLANG_WARN_DEPRECATED_OBJC_IMPLEMENTATIONS = YES;
				CLANG_WARN_DIRECT_OBJC_ISA_USAGE = YES_ERROR;
				CLANG_WARN_DOCUMENTATION_COMMENTS = YES;
				CLANG_WARN_EMPTY_BODY = YES;
				CLANG_WARN_ENUM_CONVERSION = YES;
				CLANG_WARN_INFINITE_RECURSION = YES;
				CLANG_WARN_INT_CONVERSION = YES;
				CLANG_WARN_NON_LITERAL_NULL_CONVERSION = YES;
				CLANG_WARN_OBJC_IMPLICIT_RETAIN_SELF = YES;
				CLANG_WARN_OBJC_LITERAL_CONVERSION = YES;
				CLANG_WARN_OBJC_ROOT_CLASS = YES_ERROR;
				CLANG_WARN_RANGE_LOOP_ANALYSIS = YES;
				CLANG_WARN_STRICT_PROTOTYPES = YES;
				CLANG_WARN_SUSPICIOUS_MOVE = YES;
				CLANG_WARN_UNGUARDED_AVAILABILITY = YES_AGGRESSIVE;
				CLANG_WARN_UNREACHABLE_CODE = YES;
				CLANG_WARN__DUPLICATE_METHOD_MATCH = YES;
				COPY_PHASE_STRIP = NO;
				DEBUG_INFORMATION_FORMAT = "dwarf-with-dsym";
				ENABLE_NS_ASSERTIONS = NO;
				ENABLE_STRICT_OBJC_MSGSEND = YES;
				GCC_C_LANGUAGE_STANDARD = gnu11;
				GCC_NO_COMMON_BLOCKS = YES;
				GCC_WARN_64_TO_32_BIT_CONVERSION = YES;
				GCC_WARN_ABOUT_RETURN_TYPE = YES_ERROR;
				GCC_WARN_UNDECLARED_SELECTOR = YES;
				GCC_WARN_UNINITIALIZED_AUTOS = YES_AGGRESSIVE;
				GCC_WARN_UNUSED_FUNCTION = YES;
				GCC_WARN_UNUSED_VARIABLE = YES;
				IPHONEOS_DEPLOYMENT_TARGET = 13.1;
				MTL_ENABLE_DEBUG_INFO = NO;
				MTL_FAST_MATH = YES;
				SDKROOT = iphoneos;
				VALIDATE_PRODUCT = YES;
			};
			name = Release;
		};
		4C931562241D2BB60096A39E /* Debug */ = {
			isa = XCBuildConfiguration;
			buildSettings = {
				ASSETCATALOG_COMPILER_APPICON_NAME = AppIcon;
				CLANG_ENABLE_MODULES = YES;
				CODE_SIGN_STYLE = Automatic;
				INFOPLIST_FILE = MultiModuleTrial/Info.plist;
				LD_RUNPATH_SEARCH_PATHS = (
					"$(inherited)",
					"@executable_path/Frameworks",
				);
				PRODUCT_BUNDLE_IDENTIFIER = info.vividcode.MultiModuleTrial;
				PRODUCT_NAME = "$(TARGET_NAME)";
				SWIFT_OBJC_BRIDGING_HEADER = "MultiModuleTrial/MultiModuleTrial-Bridging-Header.h";
				SWIFT_OPTIMIZATION_LEVEL = "-Onone";
				SWIFT_VERSION = 5.0;
				TARGETED_DEVICE_FAMILY = "1,2";
			};
			name = Debug;
		};
		4C931563241D2BB60096A39E /* Release */ = {
			isa = XCBuildConfiguration;
			buildSettings = {
				ASSETCATALOG_COMPILER_APPICON_NAME = AppIcon;
				CLANG_ENABLE_MODULES = YES;
				CODE_SIGN_STYLE = Automatic;
				INFOPLIST_FILE = MultiModuleTrial/Info.plist;
				LD_RUNPATH_SEARCH_PATHS = (
					"$(inherited)",
					"@executable_path/Frameworks",
				);
				PRODUCT_BUNDLE_IDENTIFIER = info.vividcode.MultiModuleTrial;
				PRODUCT_NAME = "$(TARGET_NAME)";
				SWIFT_OBJC_BRIDGING_HEADER = "MultiModuleTrial/MultiModuleTrial-Bridging-Header.h";
				SWIFT_VERSION = 5.0;
				TARGETED_DEVICE_FAMILY = "1,2";
			};
			name = Release;
		};
		4C931565241D2BB60096A39E /* Debug */ = {
			isa = XCBuildConfiguration;
			buildSettings = {
				ALWAYS_EMBED_SWIFT_STANDARD_LIBRARIES = YES;
				BUNDLE_LOADER = "$(TEST_HOST)";
				CODE_SIGN_STYLE = Automatic;
				INFOPLIST_FILE = MultiModuleTrialTests/Info.plist;
				IPHONEOS_DEPLOYMENT_TARGET = 13.1;
				LD_RUNPATH_SEARCH_PATHS = (
					"$(inherited)",
					"@executable_path/Frameworks",
					"@loader_path/Frameworks",
				);
				PRODUCT_BUNDLE_IDENTIFIER = info.vividcode.MultiModuleTrialTests;
				PRODUCT_NAME = "$(TARGET_NAME)";
				TARGETED_DEVICE_FAMILY = "1,2";
				TEST_HOST = "$(BUILT_PRODUCTS_DIR)/MultiModuleTrial.app/MultiModuleTrial";
			};
			name = Debug;
		};
		4C931566241D2BB60096A39E /* Release */ = {
			isa = XCBuildConfiguration;
			buildSettings = {
				ALWAYS_EMBED_SWIFT_STANDARD_LIBRARIES = YES;
				BUNDLE_LOADER = "$(TEST_HOST)";
				CODE_SIGN_STYLE = Automatic;
				INFOPLIST_FILE = MultiModuleTrialTests/Info.plist;
				IPHONEOS_DEPLOYMENT_TARGET = 13.1;
				LD_RUNPATH_SEARCH_PATHS = (
					"$(inherited)",
					"@executable_path/Frameworks",
					"@loader_path/Frameworks",
				);
				PRODUCT_BUNDLE_IDENTIFIER = info.vividcode.MultiModuleTrialTests;
				PRODUCT_NAME = "$(TARGET_NAME)";
				TARGETED_DEVICE_FAMILY = "1,2";
				TEST_HOST = "$(BUILT_PRODUCTS_DIR)/MultiModuleTrial.app/MultiModuleTrial";
			};
			name = Release;
		};
/* End XCBuildConfiguration section */

/* Begin XCConfigurationList section */
		4C931538241D2BB40096A39E /* Build configuration list for PBXProject "MultiModuleTrial" */ = {
			isa = XCConfigurationList;
			buildConfigurations = (
				4C93155F241D2BB60096A39E /* Debug */,
				4C931560241D2BB60096A39E /* Release */,
			);
			defaultConfigurationIsVisible = 0;
			defaultConfigurationName = Release;
		};
		4C931561241D2BB60096A39E /* Build configuration list for PBXNativeTarget "MultiModuleTrial" */ = {
			isa = XCConfigurationList;
			buildConfigurations = (
				4C931562241D2BB60096A39E /* Debug */,
				4C931563241D2BB60096A39E /* Release */,
			);
			defaultConfigurationIsVisible = 0;
			defaultConfigurationName = Release;
		};
		4C931564241D2BB60096A39E /* Build configuration list for PBXNativeTarget "MultiModuleTrialTests" */ = {
			isa = XCConfigurationList;
			buildConfigurations = (
				4C931565241D2BB60096A39E /* Debug */,
				4C931566241D2BB60096A39E /* Release */,
			);
			defaultConfigurationIsVisible = 0;
			defaultConfigurationName = Release;
		};
/* End XCConfigurationList section */
	};
	rootObject = 4C931535241D2BB40096A39E /* Project object */;
}
